
Microsoft Visual Studio Solution File, Format Version 12.00
# Visual Studio 15
VisualStudioVersion = 15.0.27703.2047
MinimumVisualStudioVersion = 10.0.40219.1
Project("{9A19103F-16F7-4668-BE54-9A1E7A4F7556}") = "KnowledgeBase", "KnowledgeBase\KnowledgeBase.csproj", "{B25B3407-DBD1-441D-B265-A8DE1BA83C89}"
EndProject
Project("{2150E333-8FDC-42A3-9474-1A3956D46DE8}") = "kb", "kb", "{7BAC4A20-CB73-4A47-A711-5ADFF24B1056}"
EndProject
Project("{9A19103F-16F7-4668-BE54-9A1E7A4F7556}") = "Kb.Web", "Kb.Web\Kb.Web.csproj", "{948BCCBE-23F6-46F1-8C2B-71ACA880C4E1}"
EndProject
Project("{9A19103F-16F7-4668-BE54-9A1E7A4F7556}") = "KnowledgeBase.Infrastracture", "KnowledgeBase.Infrastracture\KnowledgeBase.Infrastracture.csproj", "{CF61CC78-A338-45A0-BCCC-EDA4A3251656}"
EndProject
Project("{FAE04EC0-301F-11D3-BF4B-00C04F79EFBC}") = "KnowleageBase.ViewModel", "KnowleageBase.ViewModel\KnowleageBase.ViewModel.csproj", "{464B84A2-BF5E-4910-AF2B-3D7E918FE6F3}"
EndProject
Global
	GlobalSection(SolutionConfigurationPlatforms) = preSolution
		Debug|Any CPU = Debug|Any CPU
		Release|Any CPU = Release|Any CPU
	EndGlobalSection
	GlobalSection(ProjectConfigurationPlatforms) = postSolution
		{B25B3407-DBD1-441D-B265-A8DE1BA83C89}.Debug|Any CPU.ActiveCfg = Debug|Any CPU
		{B25B3407-DBD1-441D-B265-A8DE1BA83C89}.Debug|Any CPU.Build.0 = Debug|Any CPU
		{B25B3407-DBD1-441D-B265-A8DE1BA83C89}.Release|Any CPU.ActiveCfg = Release|Any CPU
		{B25B3407-DBD1-441D-B265-A8DE1BA83C89}.Release|Any CPU.Build.0 = Release|Any CPU
		{948BCCBE-23F6-46F1-8C2B-71ACA880C4E1}.Debug|Any CPU.ActiveCfg = Debug|Any CPU
		{948BCCBE-23F6-46F1-8C2B-71ACA880C4E1}.Debug|Any CPU.Build.0 = Debug|Any CPU
		{948BCCBE-23F6-46F1-8C2B-71ACA880C4E1}.Release|Any CPU.ActiveCfg = Release|Any CPU
		{948BCCBE-23F6-46F1-8C2B-71ACA880C4E1}.Release|Any CPU.Build.0 = Release|Any CPU
		{CF61CC78-A338-45A0-BCCC-EDA4A3251656}.Debug|Any CPU.ActiveCfg = Debug|Any CPU
		{CF61CC78-A338-45A0-BCCC-EDA4A3251656}.Debug|Any CPU.Build.0 = Debug|Any CPU
		{CF61CC78-A338-45A0-BCCC-EDA4A3251656}.Release|Any CPU.ActiveCfg = Release|Any CPU
		{CF61CC78-A338-45A0-BCCC-EDA4A3251656}.Release|Any CPU.Build.0 = Release|Any CPU
		{464B84A2-BF5E-4910-AF2B-3D7E918FE6F3}.Debug|Any CPU.ActiveCfg = Debug|Any CPU
		{464B84A2-BF5E-4910-AF2B-3D7E918FE6F3}.Debug|Any CPU.Build.0 = Debug|Any CPU
		{464B84A2-BF5E-4910-AF2B-3D7E918FE6F3}.Release|Any CPU.ActiveCfg = Release|Any CPU
		{464B84A2-BF5E-4910-AF2B-3D7E918FE6F3}.Release|Any CPU.Build.0 = Release|Any CPU
	EndGlobalSection
	GlobalSection(SolutionProperties) = preSolution
		HideSolutionNode = FALSE
	EndGlobalSection
	GlobalSection(NestedProjects) = preSolution
		{948BCCBE-23F6-46F1-8C2B-71ACA880C4E1} = {7BAC4A20-CB73-4A47-A711-5ADFF24B1056}
	EndGlobalSection
	GlobalSection(ExtensibilityGlobals) = postSolution
		SolutionGuid = {50D51A0E-AA81-495F-8D87-D8B6290C5BE2}
	EndGlobalSection
EndGlobal
